// !$*UTF8*$!
{
	archiveVersion = 1;
	classes = {
	};
	objectVersion = 56;
	objects = {

/* Begin PBXBuildFile section */
		E9FDFFB42B3360F50043B5BF /* CrumbleCryptoApp.swift in Sources */ = {isa = PBXBuildFile; fileRef = E9FDFFB32B3360F50043B5BF /* CrumbleCryptoApp.swift */; };
		E9FDFFB62B3360F50043B5BF /* ContentView.swift in Sources */ = {isa = PBXBuildFile; fileRef = E9FDFFB52B3360F50043B5BF /* ContentView.swift */; };
		E9FDFFB82B3360F70043B5BF /* Assets.xcassets in Resources */ = {isa = PBXBuildFile; fileRef = E9FDFFB72B3360F70043B5BF /* Assets.xcassets */; };
		E9FDFFBB2B3360F70043B5BF /* Preview Assets.xcassets in Resources */ = {isa = PBXBuildFile; fileRef = E9FDFFBA2B3360F70043B5BF /* Preview Assets.xcassets */; };
		E9FDFFC32B3366670043B5BF /* Color+Extension.swift in Sources */ = {isa = PBXBuildFile; fileRef = E9FDFFC22B3366670043B5BF /* Color+Extension.swift */; };
		E9FDFFC92B3368020043B5BF /* HomeView.swift in Sources */ = {isa = PBXBuildFile; fileRef = E9FDFFC82B3368020043B5BF /* HomeView.swift */; };
		E9FDFFCD2B33690E0043B5BF /* CircleButtonView.swift in Sources */ = {isa = PBXBuildFile; fileRef = E9FDFFCC2B33690E0043B5BF /* CircleButtonView.swift */; };
		E9FDFFCF2B336DE50043B5BF /* CircleButtonAnimationView.swift in Sources */ = {isa = PBXBuildFile; fileRef = E9FDFFCE2B336DE50043B5BF /* CircleButtonAnimationView.swift */; };
		E9FDFFD22B33B0E60043B5BF /* Coin.swift in Sources */ = {isa = PBXBuildFile; fileRef = E9FDFFD12B33B0E60043B5BF /* Coin.swift */; };
		E9FDFFD42B33B6F90043B5BF /* CoinRowView.swift in Sources */ = {isa = PBXBuildFile; fileRef = E9FDFFD32B33B6F90043B5BF /* CoinRowView.swift */; };
		E9FDFFD62B344E8C0043B5BF /* PreviewContent.swift in Sources */ = {isa = PBXBuildFile; fileRef = E9FDFFD52B344E8C0043B5BF /* PreviewContent.swift */; };
		E9FDFFD82B3451850043B5BF /* Double+Extension.swift in Sources */ = {isa = PBXBuildFile; fileRef = E9FDFFD72B3451850043B5BF /* Double+Extension.swift */; };
		E9FDFFDA2B345ED50043B5BF /* HomeViewModel.swift in Sources */ = {isa = PBXBuildFile; fileRef = E9FDFFD92B345ED50043B5BF /* HomeViewModel.swift */; };
		E9FDFFDD2B34660B0043B5BF /* CoinDataService.swift in Sources */ = {isa = PBXBuildFile; fileRef = E9FDFFDC2B34660B0043B5BF /* CoinDataService.swift */; };
		E9FDFFE02B346D0F0043B5BF /* NetworkingManager.swift in Sources */ = {isa = PBXBuildFile; fileRef = E9FDFFDF2B346D0F0043B5BF /* NetworkingManager.swift */; };
		E9FDFFE22B347BAE0043B5BF /* CoinImageView.swift in Sources */ = {isa = PBXBuildFile; fileRef = E9FDFFE12B347BAE0043B5BF /* CoinImageView.swift */; };
		E9FDFFE52B347D340043B5BF /* CoinImageService.swift in Sources */ = {isa = PBXBuildFile; fileRef = E9FDFFE42B347D340043B5BF /* CoinImageService.swift */; };
		E9FDFFE72B347F030043B5BF /* CoinImageViewModel.swift in Sources */ = {isa = PBXBuildFile; fileRef = E9FDFFE62B347F030043B5BF /* CoinImageViewModel.swift */; };
		E9FDFFEF2B34BD1B0043B5BF /* LocalFileManager.swift in Sources */ = {isa = PBXBuildFile; fileRef = E9FDFFEE2B34BD1B0043B5BF /* LocalFileManager.swift */; };
/* End PBXBuildFile section */

/* Begin PBXFileReference section */
		E9FDFFB02B3360F50043B5BF /* CrumbleCrypto.app */ = {isa = PBXFileReference; explicitFileType = wrapper.application; includeInIndex = 0; path = CrumbleCrypto.app; sourceTree = BUILT_PRODUCTS_DIR; };
		E9FDFFB32B3360F50043B5BF /* CrumbleCryptoApp.swift */ = {isa = PBXFileReference; lastKnownFileType = sourcecode.swift; path = CrumbleCryptoApp.swift; sourceTree = "<group>"; };
		E9FDFFB52B3360F50043B5BF /* ContentView.swift */ = {isa = PBXFileReference; lastKnownFileType = sourcecode.swift; path = ContentView.swift; sourceTree = "<group>"; };
		E9FDFFB72B3360F70043B5BF /* Assets.xcassets */ = {isa = PBXFileReference; lastKnownFileType = folder.assetcatalog; path = Assets.xcassets; sourceTree = "<group>"; };
		E9FDFFBA2B3360F70043B5BF /* Preview Assets.xcassets */ = {isa = PBXFileReference; lastKnownFileType = folder.assetcatalog; path = "Preview Assets.xcassets"; sourceTree = "<group>"; };
		E9FDFFC22B3366670043B5BF /* Color+Extension.swift */ = {isa = PBXFileReference; lastKnownFileType = sourcecode.swift; path = "Color+Extension.swift"; sourceTree = "<group>"; };
		E9FDFFC82B3368020043B5BF /* HomeView.swift */ = {isa = PBXFileReference; lastKnownFileType = sourcecode.swift; path = HomeView.swift; sourceTree = "<group>"; };
		E9FDFFCC2B33690E0043B5BF /* CircleButtonView.swift */ = {isa = PBXFileReference; lastKnownFileType = sourcecode.swift; path = CircleButtonView.swift; sourceTree = "<group>"; };
		E9FDFFCE2B336DE50043B5BF /* CircleButtonAnimationView.swift */ = {isa = PBXFileReference; lastKnownFileType = sourcecode.swift; path = CircleButtonAnimationView.swift; sourceTree = "<group>"; };
		E9FDFFD12B33B0E60043B5BF /* Coin.swift */ = {isa = PBXFileReference; lastKnownFileType = sourcecode.swift; path = Coin.swift; sourceTree = "<group>"; };
		E9FDFFD32B33B6F90043B5BF /* CoinRowView.swift */ = {isa = PBXFileReference; lastKnownFileType = sourcecode.swift; path = CoinRowView.swift; sourceTree = "<group>"; };
		E9FDFFD52B344E8C0043B5BF /* PreviewContent.swift */ = {isa = PBXFileReference; lastKnownFileType = sourcecode.swift; path = PreviewContent.swift; sourceTree = "<group>"; };
		E9FDFFD72B3451850043B5BF /* Double+Extension.swift */ = {isa = PBXFileReference; lastKnownFileType = sourcecode.swift; path = "Double+Extension.swift"; sourceTree = "<group>"; };
		E9FDFFD92B345ED50043B5BF /* HomeViewModel.swift */ = {isa = PBXFileReference; lastKnownFileType = sourcecode.swift; path = HomeViewModel.swift; sourceTree = "<group>"; };
		E9FDFFDC2B34660B0043B5BF /* CoinDataService.swift */ = {isa = PBXFileReference; lastKnownFileType = sourcecode.swift; path = CoinDataService.swift; sourceTree = "<group>"; };
		E9FDFFDF2B346D0F0043B5BF /* NetworkingManager.swift */ = {isa = PBXFileReference; lastKnownFileType = sourcecode.swift; path = NetworkingManager.swift; sourceTree = "<group>"; };
		E9FDFFE12B347BAE0043B5BF /* CoinImageView.swift */ = {isa = PBXFileReference; lastKnownFileType = sourcecode.swift; path = CoinImageView.swift; sourceTree = "<group>"; };
		E9FDFFE42B347D340043B5BF /* CoinImageService.swift */ = {isa = PBXFileReference; lastKnownFileType = sourcecode.swift; path = CoinImageService.swift; sourceTree = "<group>"; };
		E9FDFFE62B347F030043B5BF /* CoinImageViewModel.swift */ = {isa = PBXFileReference; lastKnownFileType = sourcecode.swift; path = CoinImageViewModel.swift; sourceTree = "<group>"; };
		E9FDFFEC2B34B44B0043B5BF /* Config.xcconfig */ = {isa = PBXFileReference; lastKnownFileType = text.xcconfig; path = Config.xcconfig; sourceTree = "<group>"; };
		E9FDFFED2B34B94A0043B5BF /* Info.plist */ = {isa = PBXFileReference; lastKnownFileType = text.plist; path = Info.plist; sourceTree = "<group>"; };
		E9FDFFEE2B34BD1B0043B5BF /* LocalFileManager.swift */ = {isa = PBXFileReference; lastKnownFileType = sourcecode.swift; path = LocalFileManager.swift; sourceTree = "<group>"; };
/* End PBXFileReference section */

/* Begin PBXFrameworksBuildPhase section */
		E9FDFFAD2B3360F50043B5BF /* Frameworks */ = {
			isa = PBXFrameworksBuildPhase;
			buildActionMask = 2147483647;
			files = (
			);
			runOnlyForDeploymentPostprocessing = 0;
		};
/* End PBXFrameworksBuildPhase section */

/* Begin PBXGroup section */
		E9FDFFA72B3360F50043B5BF = {
			isa = PBXGroup;
			children = (
				E9FDFFB22B3360F50043B5BF /* CrumbleCrypto */,
				E9FDFFEC2B34B44B0043B5BF /* Config.xcconfig */,
				E9FDFFB12B3360F50043B5BF /* Products */,
			);
			sourceTree = "<group>";
		};
		E9FDFFB12B3360F50043B5BF /* Products */ = {
			isa = PBXGroup;
			children = (
				E9FDFFB02B3360F50043B5BF /* CrumbleCrypto.app */,
			);
			name = Products;
			sourceTree = "<group>";
		};
		E9FDFFB22B3360F50043B5BF /* CrumbleCrypto */ = {
			isa = PBXGroup;
			children = (
				E9FDFFED2B34B94A0043B5BF /* Info.plist */,
				E9FDFFB32B3360F50043B5BF /* CrumbleCryptoApp.swift */,
				E9FDFFC42B3367C60043B5BF /* Core */,
				E9FDFFC12B3366590043B5BF /* Extensions */,
				E9FDFFD02B33B0C10043B5BF /* Models */,
				E9FDFFDE2B346CDE0043B5BF /* Utilities */,
				E9FDFFDB2B3465F20043B5BF /* Services */,
				E9FDFFB52B3360F50043B5BF /* ContentView.swift */,
				E9FDFFB72B3360F70043B5BF /* Assets.xcassets */,
				E9FDFFB92B3360F70043B5BF /* Preview Content */,
			);
			path = CrumbleCrypto;
			sourceTree = "<group>";
		};
		E9FDFFB92B3360F70043B5BF /* Preview Content */ = {
			isa = PBXGroup;
			children = (
				E9FDFFBA2B3360F70043B5BF /* Preview Assets.xcassets */,
				E9FDFFD52B344E8C0043B5BF /* PreviewContent.swift */,
			);
			path = "Preview Content";
			sourceTree = "<group>";
		};
		E9FDFFC12B3366590043B5BF /* Extensions */ = {
			isa = PBXGroup;
			children = (
				E9FDFFC22B3366670043B5BF /* Color+Extension.swift */,
				E9FDFFD72B3451850043B5BF /* Double+Extension.swift */,
			);
			path = Extensions;
			sourceTree = "<group>";
		};
		E9FDFFC42B3367C60043B5BF /* Core */ = {
			isa = PBXGroup;
			children = (
				E9FDFFCA2B3368DC0043B5BF /* Components */,
				E9FDFFC52B3367CF0043B5BF /* Home */,
			);
			path = Core;
			sourceTree = "<group>";
		};
		E9FDFFC52B3367CF0043B5BF /* Home */ = {
			isa = PBXGroup;
			children = (
				E9FDFFC72B3367DD0043B5BF /* ViewModels */,
				E9FDFFC62B3367D40043B5BF /* Views */,
			);
			path = Home;
			sourceTree = "<group>";
		};
		E9FDFFC62B3367D40043B5BF /* Views */ = {
			isa = PBXGroup;
			children = (
				E9FDFFC82B3368020043B5BF /* HomeView.swift */,
				E9FDFFD32B33B6F90043B5BF /* CoinRowView.swift */,
			);
			path = Views;
			sourceTree = "<group>";
		};
		E9FDFFC72B3367DD0043B5BF /* ViewModels */ = {
			isa = PBXGroup;
			children = (
				E9FDFFD92B345ED50043B5BF /* HomeViewModel.swift */,
			);
			path = ViewModels;
			sourceTree = "<group>";
		};
		E9FDFFCA2B3368DC0043B5BF /* Components */ = {
			isa = PBXGroup;
			children = (
				E9FDFFCB2B3368FD0043B5BF /* CircleButton */,
				E9FDFFE32B347BB30043B5BF /* CoinImage */,
			);
			path = Components;
			sourceTree = "<group>";
		};
		E9FDFFCB2B3368FD0043B5BF /* CircleButton */ = {
			isa = PBXGroup;
			children = (
				E9FDFFCC2B33690E0043B5BF /* CircleButtonView.swift */,
				E9FDFFCE2B336DE50043B5BF /* CircleButtonAnimationView.swift */,
			);
			path = CircleButton;
			sourceTree = "<group>";
		};
		E9FDFFD02B33B0C10043B5BF /* Models */ = {
			isa = PBXGroup;
			children = (
				E9FDFFD12B33B0E60043B5BF /* Coin.swift */,
			);
			path = Models;
			sourceTree = "<group>";
		};
		E9FDFFDB2B3465F20043B5BF /* Services */ = {
			isa = PBXGroup;
			children = (
				E9FDFFDC2B34660B0043B5BF /* CoinDataService.swift */,
				E9FDFFE42B347D340043B5BF /* CoinImageService.swift */,
			);
			path = Services;
			sourceTree = "<group>";
		};
		E9FDFFDE2B346CDE0043B5BF /* Utilities */ = {
			isa = PBXGroup;
			children = (
				E9FDFFDF2B346D0F0043B5BF /* NetworkingManager.swift */,
				E9FDFFEE2B34BD1B0043B5BF /* LocalFileManager.swift */,
			);
			path = Utilities;
			sourceTree = "<group>";
		};
		E9FDFFE32B347BB30043B5BF /* CoinImage */ = {
			isa = PBXGroup;
			children = (
				E9FDFFE12B347BAE0043B5BF /* CoinImageView.swift */,
				E9FDFFE62B347F030043B5BF /* CoinImageViewModel.swift */,
			);
			path = CoinImage;
			sourceTree = "<group>";
		};
/* End PBXGroup section */

/* Begin PBXNativeTarget section */
		E9FDFFAF2B3360F50043B5BF /* CrumbleCrypto */ = {
			isa = PBXNativeTarget;
			buildConfigurationList = E9FDFFBE2B3360F70043B5BF /* Build configuration list for PBXNativeTarget "CrumbleCrypto" */;
			buildPhases = (
				E9FDFFAC2B3360F50043B5BF /* Sources */,
				E9FDFFAD2B3360F50043B5BF /* Frameworks */,
				E9FDFFAE2B3360F50043B5BF /* Resources */,
			);
			buildRules = (
			);
			dependencies = (
			);
			name = CrumbleCrypto;
			productName = CrumbleCrypto;
			productReference = E9FDFFB02B3360F50043B5BF /* CrumbleCrypto.app */;
			productType = "com.apple.product-type.application";
		};
/* End PBXNativeTarget section */

/* Begin PBXProject section */
		E9FDFFA82B3360F50043B5BF /* Project object */ = {
			isa = PBXProject;
			attributes = {
				BuildIndependentTargetsInParallel = 1;
				LastSwiftUpdateCheck = 1500;
				LastUpgradeCheck = 1500;
				TargetAttributes = {
					E9FDFFAF2B3360F50043B5BF = {
						CreatedOnToolsVersion = 15.0;
					};
				};
			};
			buildConfigurationList = E9FDFFAB2B3360F50043B5BF /* Build configuration list for PBXProject "CrumbleCrypto" */;
			compatibilityVersion = "Xcode 14.0";
			developmentRegion = en;
			hasScannedForEncodings = 0;
			knownRegions = (
				en,
				Base,
			);
			mainGroup = E9FDFFA72B3360F50043B5BF;
			productRefGroup = E9FDFFB12B3360F50043B5BF /* Products */;
			projectDirPath = "";
			projectRoot = "";
			targets = (
				E9FDFFAF2B3360F50043B5BF /* CrumbleCrypto */,
			);
		};
/* End PBXProject section */

/* Begin PBXResourcesBuildPhase section */
		E9FDFFAE2B3360F50043B5BF /* Resources */ = {
			isa = PBXResourcesBuildPhase;
			buildActionMask = 2147483647;
			files = (
				E9FDFFBB2B3360F70043B5BF /* Preview Assets.xcassets in Resources */,
				E9FDFFB82B3360F70043B5BF /* Assets.xcassets in Resources */,
			);
			runOnlyForDeploymentPostprocessing = 0;
		};
/* End PBXResourcesBuildPhase section */

/* Begin PBXSourcesBuildPhase section */
		E9FDFFAC2B3360F50043B5BF /* Sources */ = {
			isa = PBXSourcesBuildPhase;
			buildActionMask = 2147483647;
			files = (
				E9FDFFDD2B34660B0043B5BF /* CoinDataService.swift in Sources */,
				E9FDFFD42B33B6F90043B5BF /* CoinRowView.swift in Sources */,
				E9FDFFDA2B345ED50043B5BF /* HomeViewModel.swift in Sources */,
				E9FDFFB62B3360F50043B5BF /* ContentView.swift in Sources */,
				E9FDFFEF2B34BD1B0043B5BF /* LocalFileManager.swift in Sources */,
				E9FDFFD62B344E8C0043B5BF /* PreviewContent.swift in Sources */,
				E9FDFFE22B347BAE0043B5BF /* CoinImageView.swift in Sources */,
				E9FDFFC92B3368020043B5BF /* HomeView.swift in Sources */,
				E9FDFFC32B3366670043B5BF /* Color+Extension.swift in Sources */,
				E9FDFFCD2B33690E0043B5BF /* CircleButtonView.swift in Sources */,
				E9FDFFE02B346D0F0043B5BF /* NetworkingManager.swift in Sources */,
				E9FDFFB42B3360F50043B5BF /* CrumbleCryptoApp.swift in Sources */,
				E9FDFFE72B347F030043B5BF /* CoinImageViewModel.swift in Sources */,
				E9FDFFCF2B336DE50043B5BF /* CircleButtonAnimationView.swift in Sources */,
				E9FDFFD82B3451850043B5BF /* Double+Extension.swift in Sources */,
				E9FDFFE52B347D340043B5BF /* CoinImageService.swift in Sources */,
				E9FDFFD22B33B0E60043B5BF /* Coin.swift in Sources */,
			);
			runOnlyForDeploymentPostprocessing = 0;
		};
/* End PBXSourcesBuildPhase section */

/* Begin XCBuildConfiguration section */
		E9FDFFBC2B3360F70043B5BF /* Debug */ = {
			isa = XCBuildConfiguration;
			baseConfigurationReference = E9FDFFEC2B34B44B0043B5BF /* Config.xcconfig */;
			buildSettings = {
				ALWAYS_SEARCH_USER_PATHS = NO;
				ASSETCATALOG_COMPILER_GENERATE_SWIFT_ASSET_SYMBOL_EXTENSIONS = YES;
				CLANG_ANALYZER_NONNULL = YES;
				CLANG_ANALYZER_NUMBER_OBJECT_CONVERSION = YES_AGGRESSIVE;
				CLANG_CXX_LANGUAGE_STANDARD = "gnu++20";
				CLANG_ENABLE_MODULES = YES;
				CLANG_ENABLE_OBJC_ARC = YES;
				CLANG_ENABLE_OBJC_WEAK = YES;
				CLANG_WARN_BLOCK_CAPTURE_AUTORELEASING = YES;
				CLANG_WARN_BOOL_CONVERSION = YES;
				CLANG_WARN_COMMA = YES;
				CLANG_WARN_CONSTANT_CONVERSION = YES;
				CLANG_WARN_DEPRECATED_OBJC_IMPLEMENTATIONS = YES;
				CLANG_WARN_DIRECT_OBJC_ISA_USAGE = YES_ERROR;
				CLANG_WARN_DOCUMENTATION_COMMENTS = YES;
				CLANG_WARN_EMPTY_BODY = YES;
				CLANG_WARN_ENUM_CONVERSION = YES;
				CLANG_WARN_INFINITE_RECURSION = YES;
				CLANG_WARN_INT_CONVERSION = YES;
				CLANG_WARN_NON_LITERAL_NULL_CONVERSION = YES;
				CLANG_WARN_OBJC_IMPLICIT_RETAIN_SELF = YES;
				CLANG_WARN_OBJC_LITERAL_CONVERSION = YES;
				CLANG_WARN_OBJC_ROOT_CLASS = YES_ERROR;
				CLANG_WARN_QUOTED_INCLUDE_IN_FRAMEWORK_HEADER = YES;
				CLANG_WARN_RANGE_LOOP_ANALYSIS = YES;
				CLANG_WARN_STRICT_PROTOTYPES = YES;
				CLANG_WARN_SUSPICIOUS_MOVE = YES;
				CLANG_WARN_UNGUARDED_AVAILABILITY = YES_AGGRESSIVE;
				CLANG_WARN_UNREACHABLE_CODE = YES;
				CLANG_WARN__DUPLICATE_METHOD_MATCH = YES;
				COPY_PHASE_STRIP = NO;
				DEBUG_INFORMATION_FORMAT = dwarf;
				ENABLE_STRICT_OBJC_MSGSEND = YES;
				ENABLE_TESTABILITY = YES;
				ENABLE_USER_SCRIPT_SANDBOXING = YES;
				GCC_C_LANGUAGE_STANDARD = gnu17;
				GCC_DYNAMIC_NO_PIC = NO;
				GCC_NO_COMMON_BLOCKS = YES;
				GCC_OPTIMIZATION_LEVEL = 0;
				GCC_PREPROCESSOR_DEFINITIONS = (
					"DEBUG=1",
					"$(inherited)",
				);
				GCC_WARN_64_TO_32_BIT_CONVERSION = YES;
				GCC_WARN_ABOUT_RETURN_TYPE = YES_ERROR;
				GCC_WARN_UNDECLARED_SELECTOR = YES;
				GCC_WARN_UNINITIALIZED_AUTOS = YES_AGGRESSIVE;
				GCC_WARN_UNUSED_FUNCTION = YES;
				GCC_WARN_UNUSED_VARIABLE = YES;
				IPHONEOS_DEPLOYMENT_TARGET = 17.0;
				LOCALIZATION_PREFERS_STRING_CATALOGS = YES;
				MTL_ENABLE_DEBUG_INFO = INCLUDE_SOURCE;
				MTL_FAST_MATH = YES;
				ONLY_ACTIVE_ARCH = YES;
				SDKROOT = iphoneos;
				SWIFT_ACTIVE_COMPILATION_CONDITIONS = "DEBUG $(inherited)";
				SWIFT_OPTIMIZATION_LEVEL = "-Onone";
			};
			name = Debug;
		};
		E9FDFFBD2B3360F70043B5BF /* Release */ = {
			isa = XCBuildConfiguration;
			baseConfigurationReference = E9FDFFEC2B34B44B0043B5BF /* Config.xcconfig */;
			buildSettings = {
				ALWAYS_SEARCH_USER_PATHS = NO;
				ASSETCATALOG_COMPILER_GENERATE_SWIFT_ASSET_SYMBOL_EXTENSIONS = YES;
				CLANG_ANALYZER_NONNULL = YES;
				CLANG_ANALYZER_NUMBER_OBJECT_CONVERSION = YES_AGGRESSIVE;
				CLANG_CXX_LANGUAGE_STANDARD = "gnu++20";
				CLANG_ENABLE_MODULES = YES;
				CLANG_ENABLE_OBJC_ARC = YES;
				CLANG_ENABLE_OBJC_WEAK = YES;
				CLANG_WARN_BLOCK_CAPTURE_AUTORELEASING = YES;
				CLANG_WARN_BOOL_CONVERSION = YES;
				CLANG_WARN_COMMA = YES;
				CLANG_WARN_CONSTANT_CONVERSION = YES;
				CLANG_WARN_DEPRECATED_OBJC_IMPLEMENTATIONS = YES;
				CLANG_WARN_DIRECT_OBJC_ISA_USAGE = YES_ERROR;
				CLANG_WARN_DOCUMENTATION_COMMENTS = YES;
				CLANG_WARN_EMPTY_BODY = YES;
				CLANG_WARN_ENUM_CONVERSION = YES;
				CLANG_WARN_INFINITE_RECURSION = YES;
				CLANG_WARN_INT_CONVERSION = YES;
				CLANG_WARN_NON_LITERAL_NULL_CONVERSION = YES;
				CLANG_WARN_OBJC_IMPLICIT_RETAIN_SELF = YES;
				CLANG_WARN_OBJC_LITERAL_CONVERSION = YES;
				CLANG_WARN_OBJC_ROOT_CLASS = YES_ERROR;
				CLANG_WARN_QUOTED_INCLUDE_IN_FRAMEWORK_HEADER = YES;
				CLANG_WARN_RANGE_LOOP_ANALYSIS = YES;
				CLANG_WARN_STRICT_PROTOTYPES = YES;
				CLANG_WARN_SUSPICIOUS_MOVE = YES;
				CLANG_WARN_UNGUARDED_AVAILABILITY = YES_AGGRESSIVE;
				CLANG_WARN_UNREACHABLE_CODE = YES;
				CLANG_WARN__DUPLICATE_METHOD_MATCH = YES;
				COPY_PHASE_STRIP = NO;
				DEBUG_INFORMATION_FORMAT = "dwarf-with-dsym";
				ENABLE_NS_ASSERTIONS = NO;
				ENABLE_STRICT_OBJC_MSGSEND = YES;
				ENABLE_USER_SCRIPT_SANDBOXING = YES;
				GCC_C_LANGUAGE_STANDARD = gnu17;
				GCC_NO_COMMON_BLOCKS = YES;
				GCC_WARN_64_TO_32_BIT_CONVERSION = YES;
				GCC_WARN_ABOUT_RETURN_TYPE = YES_ERROR;
				GCC_WARN_UNDECLARED_SELECTOR = YES;
				GCC_WARN_UNINITIALIZED_AUTOS = YES_AGGRESSIVE;
				GCC_WARN_UNUSED_FUNCTION = YES;
				GCC_WARN_UNUSED_VARIABLE = YES;
				IPHONEOS_DEPLOYMENT_TARGET = 17.0;
				LOCALIZATION_PREFERS_STRING_CATALOGS = YES;
				MTL_ENABLE_DEBUG_INFO = NO;
				MTL_FAST_MATH = YES;
				SDKROOT = iphoneos;
				SWIFT_COMPILATION_MODE = wholemodule;
				VALIDATE_PRODUCT = YES;
			};
			name = Release;
		};
		E9FDFFBF2B3360F70043B5BF /* Debug */ = {
			isa = XCBuildConfiguration;
			baseConfigurationReference = E9FDFFEC2B34B44B0043B5BF /* Config.xcconfig */;
			buildSettings = {
				ASSETCATALOG_COMPILER_APPICON_NAME = AppIcon;
				ASSETCATALOG_COMPILER_GLOBAL_ACCENT_COLOR_NAME = AccentColor;
				CODE_SIGN_STYLE = Automatic;
				CURRENT_PROJECT_VERSION = 1;
				DEVELOPMENT_ASSET_PATHS = "\"CrumbleCrypto/Preview Content\"";
				DEVELOPMENT_TEAM = 34N92Q2RGP;
				ENABLE_PREVIEWS = YES;
				GENERATE_INFOPLIST_FILE = YES;
				INFOPLIST_FILE = CrumbleCrypto/Info.plist;
				INFOPLIST_KEY_UIApplicationSceneManifest_Generation = YES;
				INFOPLIST_KEY_UIApplicationSupportsIndirectInputEvents = YES;
				INFOPLIST_KEY_UILaunchScreen_Generation = YES;
				INFOPLIST_KEY_UISupportedInterfaceOrientations = UIInterfaceOrientationPortrait;
				INFOPLIST_KEY_UISupportedInterfaceOrientations_iPad = "UIInterfaceOrientationPortrait UIInterfaceOrientationPortraitUpsideDown";
				IPHONEOS_DEPLOYMENT_TARGET = 17.0;
				LD_RUNPATH_SEARCH_PATHS = (
					"$(inherited)",
					"@executable_path/Frameworks",
				);
				MARKETING_VERSION = 1.0;
				PRODUCT_BUNDLE_IDENTIFIER = com.khalidkamil.CrumbleCrypto;
				PRODUCT_NAME = "$(TARGET_NAME)";
				SWIFT_EMIT_LOC_STRINGS = YES;
				SWIFT_VERSION = 5.0;
				TARGETED_DEVICE_FAMILY = "1,2";
			};
			name = Debug;
		};
		E9FDFFC02B3360F70043B5BF /* Release */ = {
			isa = XCBuildConfiguration;
			buildSettings = {
				ASSETCATALOG_COMPILER_APPICON_NAME = AppIcon;
				ASSETCATALOG_COMPILER_GLOBAL_ACCENT_COLOR_NAME = AccentColor;
				CODE_SIGN_STYLE = Automatic;
				CURRENT_PROJECT_VERSION = 1;
				DEVELOPMENT_ASSET_PATHS = "\"CrumbleCrypto/Preview Content\"";
				DEVELOPMENT_TEAM = 34N92Q2RGP;
				ENABLE_PREVIEWS = YES;
				GENERATE_INFOPLIST_FILE = YES;
				INFOPLIST_FILE = CrumbleCrypto/Info.plist;
				INFOPLIST_KEY_UIApplicationSceneManifest_Generation = YES;
				INFOPLIST_KEY_UIApplicationSupportsIndirectInputEvents = YES;
				INFOPLIST_KEY_UILaunchScreen_Generation = YES;
				INFOPLIST_KEY_UISupportedInterfaceOrientations = UIInterfaceOrientationPortrait;
				INFOPLIST_KEY_UISupportedInterfaceOrientations_iPad = "UIInterfaceOrientationPortrait UIInterfaceOrientationPortraitUpsideDown";
				IPHONEOS_DEPLOYMENT_TARGET = 17.0;
				LD_RUNPATH_SEARCH_PATHS = (
					"$(inherited)",
					"@executable_path/Frameworks",
				);
				MARKETING_VERSION = 1.0;
				PRODUCT_BUNDLE_IDENTIFIER = com.khalidkamil.CrumbleCrypto;
				PRODUCT_NAME = "$(TARGET_NAME)";
				SWIFT_EMIT_LOC_STRINGS = YES;
				SWIFT_VERSION = 5.0;
				TARGETED_DEVICE_FAMILY = "1,2";
			};
			name = Release;
		};
/* End XCBuildConfiguration section */

/* Begin XCConfigurationList section */
		E9FDFFAB2B3360F50043B5BF /* Build configuration list for PBXProject "CrumbleCrypto" */ = {
			isa = XCConfigurationList;
			buildConfigurations = (
				E9FDFFBC2B3360F70043B5BF /* Debug */,
				E9FDFFBD2B3360F70043B5BF /* Release */,
			);
			defaultConfigurationIsVisible = 0;
			defaultConfigurationName = Release;
		};
		E9FDFFBE2B3360F70043B5BF /* Build configuration list for PBXNativeTarget "CrumbleCrypto" */ = {
			isa = XCConfigurationList;
			buildConfigurations = (
				E9FDFFBF2B3360F70043B5BF /* Debug */,
				E9FDFFC02B3360F70043B5BF /* Release */,
			);
			defaultConfigurationIsVisible = 0;
			defaultConfigurationName = Release;
		};
/* End XCConfigurationList section */
	};
	rootObject = E9FDFFA82B3360F50043B5BF /* Project object */;
}
